
Microsoft Visual Studio Solution File, Format Version 12.00
# Visual Studio Version 17
VisualStudioVersion = 17.0.32112.339
MinimumVisualStudioVersion = 10.0.40219.1
Project("{FAE04EC0-301F-11D3-BF4B-00C04F79EFBC}") = "EFCoreParallelQuery", "EFCoreParallelQuery\EFCoreParallelQuery.csproj", "{12E84C22-E51E-49A0-AC57-90AF9F374CD0}"
EndProject
Global
	GlobalSection(SolutionConfigurationPlatforms) = preSolution
		Debug|Any CPU = Debug|Any CPU
		Release|Any CPU = Release|Any CPU
	EndGlobalSection
	GlobalSection(ProjectConfigurationPlatforms) = postSolution
		{12E84C22-E51E-49A0-AC57-90AF9F374CD0}.Debug|Any CPU.ActiveCfg = Debug|Any CPU
		{12E84C22-E51E-49A0-AC57-90AF9F374CD0}.Debug|Any CPU.Build.0 = Debug|Any CPU
		{12E84C22-E51E-49A0-AC57-90AF9F374CD0}.Release|Any CPU.ActiveCfg = Release|Any CPU
		{12E84C22-E51E-49A0-AC57-90AF9F374CD0}.Release|Any CPU.Build.0 = Release|Any CPU
	EndGlobalSection
	GlobalSection(SolutionProperties) = preSolution
		HideSolutionNode = FALSE
	EndGlobalSection
	GlobalSection(ExtensibilityGlobals) = postSolution
		SolutionGuid = {44BBA57D-E648-4D45-BF21-799C17E7F812}
	EndGlobalSection
EndGlobal
